
Microsoft Visual Studio Solution File, Format Version 12.00
# Visual Studio Version 17
VisualStudioVersion = 17.5.002.0
MinimumVisualStudioVersion = 10.0.40219.1
Project("{2150E333-8FDC-42A3-9474-1A3956D46DE8}") = "csharp-arrays_lists_dictionaries", "csharp-arrays_lists_dictionaries", "{DE362428-C8AD-4BF4-81FD-D8B9844B509B}"
EndProject
Project("{9A19103F-16F7-4668-BE54-9A1E7A4F7556}") = "0-print_array", "csharp-arrays_lists_dictionaries\0-print_array\0-print_array.csproj", "{BC4988E9-77F6-4A52-AA8D-4376229129B6}"
EndProject
Project("{9A19103F-16F7-4668-BE54-9A1E7A4F7556}") = "1-element_at", "csharp-arrays_lists_dictionaries\1-element_at\1-element_at.csproj", "{32B87ABB-825E-4D5C-ADEC-F5B4506F9A18}"
EndProject
Project("{9A19103F-16F7-4668-BE54-9A1E7A4F7556}") = "10-delete_key_value", "csharp-arrays_lists_dictionaries\10-delete_key_value\10-delete_key_value.csproj", "{E26A3F8F-7CEF-4441-BA86-F66FECFE3955}"
EndProject
Project("{9A19103F-16F7-4668-BE54-9A1E7A4F7556}") = "11-multiply_by_2", "csharp-arrays_lists_dictionaries\11-multiply_by_2\11-multiply_by_2.csproj", "{60A121AD-0A16-43CD-8AFE-4148EBA4328A}"
EndProject
Project("{9A19103F-16F7-4668-BE54-9A1E7A4F7556}") = "12-print_sorted_dictionary", "csharp-arrays_lists_dictionaries\12-print_sorted_dictionary\12-print_sorted_dictionary.csproj", "{3DE62EC4-50EE-4DCE-A6EA-424EC0FDD901}"
EndProject
Project("{9A19103F-16F7-4668-BE54-9A1E7A4F7556}") = "13-best_score", "csharp-arrays_lists_dictionaries\13-best_score\13-best_score.csproj", "{F84663B3-5F11-4E97-8CE4-27710BDB69B6}"
EndProject
Project("{9A19103F-16F7-4668-BE54-9A1E7A4F7556}") = "14-rectangular_array", "csharp-arrays_lists_dictionaries\14-rectangular_array\14-rectangular_array.csproj", "{0702744E-B94D-4745-B660-DD49045E8EFC}"
EndProject
Project("{9A19103F-16F7-4668-BE54-9A1E7A4F7556}") = "15-square_matrix", "csharp-arrays_lists_dictionaries\15-square_matrix\15-square_matrix.csproj", "{9415BAA5-7C4F-49DA-AB34-0F36BF091EB0}"
EndProject
Project("{9A19103F-16F7-4668-BE54-9A1E7A4F7556}") = "2-replace_element", "csharp-arrays_lists_dictionaries\2-replace_element\2-replace_element.csproj", "{8D029B3E-06C5-4A55-89A7-98BB9B558507}"
EndProject
Project("{9A19103F-16F7-4668-BE54-9A1E7A4F7556}") = "3-print_array_reverse", "csharp-arrays_lists_dictionaries\3-print_array_reverse\3-print_array_reverse.csproj", "{0EAC8D66-50B6-4682-8203-1F962DD9A89C}"
EndProject
Project("{9A19103F-16F7-4668-BE54-9A1E7A4F7556}") = "4-print_list", "csharp-arrays_lists_dictionaries\4-print_list\4-print_list.csproj", "{DB2124D1-CFAD-404B-9507-5C7D92412480}"
EndProject
Project("{9A19103F-16F7-4668-BE54-9A1E7A4F7556}") = "5-max_integer", "csharp-arrays_lists_dictionaries\5-max_integer\5-max_integer.csproj", "{3DE0F25E-9A9E-4086-83EE-0FCC75D3E727}"
EndProject
Project("{9A19103F-16F7-4668-BE54-9A1E7A4F7556}") = "6-divisible_by_2", "csharp-arrays_lists_dictionaries\6-divisible_by_2\6-divisible_by_2.csproj", "{0608E646-C036-404F-BB7F-4CFD62BEB186}"
EndProject
Project("{9A19103F-16F7-4668-BE54-9A1E7A4F7556}") = "7-delete_at", "csharp-arrays_lists_dictionaries\7-delete_at\7-delete_at.csproj", "{81D064B6-E410-49DF-9D9E-5E3D436D3A64}"
EndProject
Project("{9A19103F-16F7-4668-BE54-9A1E7A4F7556}") = "8-number_keys", "csharp-arrays_lists_dictionaries\8-number_keys\8-number_keys.csproj", "{41AEFBB5-DA4C-4D2D-AE81-30154AC0D15A}"
EndProject
Project("{9A19103F-16F7-4668-BE54-9A1E7A4F7556}") = "9-add_key_value", "csharp-arrays_lists_dictionaries\9-add_key_value\9-add_key_value.csproj", "{2A518960-1C86-41E0-8CC5-2B6FC91090E2}"
EndProject
Project("{2150E333-8FDC-42A3-9474-1A3956D46DE8}") = "csharp-classes", "csharp-classes", "{54D54866-1B93-46BB-9A06-86A04FCD331F}"
EndProject
Project("{9A19103F-16F7-4668-BE54-9A1E7A4F7556}") = "0-enemy", "csharp-classes\0-enemy\0-enemy.csproj", "{CE31A92C-50F2-4293-8A39-3FA13908F8CC}"
EndProject
Project("{9A19103F-16F7-4668-BE54-9A1E7A4F7556}") = "1-enemy", "csharp-classes\1-enemy\1-enemy.csproj", "{4B9FEEB0-36A3-4459-9C2D-9246AFEB0EFC}"
EndProject
Project("{9A19103F-16F7-4668-BE54-9A1E7A4F7556}") = "2-enemy", "csharp-classes\2-enemy\2-enemy.csproj", "{8C2C269E-CE9F-42F0-8251-5CD50B62DB0F}"
EndProject
Project("{9A19103F-16F7-4668-BE54-9A1E7A4F7556}") = "3-enemy", "csharp-classes\3-enemy\3-enemy.csproj", "{34DCD0BE-04B0-40DD-86C8-D624F7C8372A}"
EndProject
Project("{9A19103F-16F7-4668-BE54-9A1E7A4F7556}") = "4-enemy", "csharp-classes\4-enemy\4-enemy.csproj", "{EA82EE06-6A08-40B8-9DCF-A312D79E7A9F}"
EndProject
Project("{9A19103F-16F7-4668-BE54-9A1E7A4F7556}") = "5-enemy", "csharp-classes\5-enemy\5-enemy.csproj", "{973A8EAF-740F-47CC-BB68-B00C9EFED8B4}"
EndProject
Project("{2150E333-8FDC-42A3-9474-1A3956D46DE8}") = "csharp-exceptions", "csharp-exceptions", "{E902A473-C1ED-455E-AD80-523959D3AA5D}"
EndProject
Project("{9A19103F-16F7-4668-BE54-9A1E7A4F7556}") = "0-safe_list_print", "csharp-exceptions\0-safe_list_print\0-safe_list_print.csproj", "{0FD53E72-9822-4797-B187-F8702043BC35}"
EndProject
Project("{9A19103F-16F7-4668-BE54-9A1E7A4F7556}") = "1-divide_print", "csharp-exceptions\1-divide_print\1-divide_print.csproj", "{722A451C-3DFF-4451-A30F-5E721F3357C8}"
EndProject
Project("{9A19103F-16F7-4668-BE54-9A1E7A4F7556}") = "2-divide_list", "csharp-exceptions\2-divide_list\2-divide_list.csproj", "{9A510315-798D-47D2-82CD-AB31BC0BE99C}"
EndProject
Project("{9A19103F-16F7-4668-BE54-9A1E7A4F7556}") = "3-throw_exception", "csharp-exceptions\3-throw_exception\3-throw_exception.csproj", "{63CECB72-4FB2-47DC-B95B-2328EA60A1CC}"
EndProject
Project("{9A19103F-16F7-4668-BE54-9A1E7A4F7556}") = "4-throw_exception_msg", "csharp-exceptions\4-throw_exception_msg\4-throw_exception_msg.csproj", "{B94C20C2-3D5F-442E-A118-E644F759C08B}"
EndProject
Project("{2150E333-8FDC-42A3-9474-1A3956D46DE8}") = "csharp-hashset_stack_queue_linkedlist", "csharp-hashset_stack_queue_linkedlist", "{BC7CBCB4-CB11-4694-91D1-F5F44B8C9D65}"
EndProject
Project("{9A19103F-16F7-4668-BE54-9A1E7A4F7556}") = "0-unique_add", "csharp-hashset_stack_queue_linkedlist\0-unique_add\0-unique_add.csproj", "{22D8D1BC-8250-4CFA-910A-42993461672B}"
EndProject
Project("{9A19103F-16F7-4668-BE54-9A1E7A4F7556}") = "1-common_elements", "csharp-hashset_stack_queue_linkedlist\1-common_elements\1-common_elements.csproj", "{C928E107-21F4-4237-9407-1E01C9765B9B}"
EndProject
Project("{9A19103F-16F7-4668-BE54-9A1E7A4F7556}") = "10-linkedlist_get_node", "csharp-hashset_stack_queue_linkedlist\10-linkedlist_get_node\10-linkedlist_get_node.csproj", "{51B7F247-8EC8-456C-B9E4-AC82932F2C53}"
EndProject
Project("{9A19103F-16F7-4668-BE54-9A1E7A4F7556}") = "11-linkedlist_sum", "csharp-hashset_stack_queue_linkedlist\11-linkedlist_sum\11-linkedlist_sum.csproj", "{1BDD0E16-487A-4808-9361-66E0224C3157}"
EndProject
Project("{9A19103F-16F7-4668-BE54-9A1E7A4F7556}") = "12-linkedlist_insert", "csharp-hashset_stack_queue_linkedlist\12-linkedlist_insert\12-linkedlist_insert.csproj", "{78218975-300E-4CB6-99BF-0D076F59D127}"
EndProject
Project("{9A19103F-16F7-4668-BE54-9A1E7A4F7556}") = "13-linkedlist_delete", "csharp-hashset_stack_queue_linkedlist\13-linkedlist_delete\13-linkedlist_delete.csproj", "{646B4111-F742-44C0-927C-AC2843240E31}"
EndProject
Project("{9A19103F-16F7-4668-BE54-9A1E7A4F7556}") = "2-different_elements", "csharp-hashset_stack_queue_linkedlist\2-different_elements\2-different_elements.csproj", "{E846F5B3-6099-4D24-A270-A0EB37593352}"
EndProject
Project("{9A19103F-16F7-4668-BE54-9A1E7A4F7556}") = "3-stack_push_pop", "csharp-hashset_stack_queue_linkedlist\3-stack_push_pop\3-stack_push_pop.csproj", "{AADD25E3-ECE0-4F3B-8412-6BEFE722C3B5}"
EndProject
Project("{9A19103F-16F7-4668-BE54-9A1E7A4F7556}") = "4-queue_enqueue_dequeue", "csharp-hashset_stack_queue_linkedlist\4-queue_enqueue_dequeue\4-queue_enqueue_dequeue.csproj", "{D7D6A8CA-507E-456B-A645-47994C69BF79}"
EndProject
Project("{9A19103F-16F7-4668-BE54-9A1E7A4F7556}") = "5-print_linkedlist", "csharp-hashset_stack_queue_linkedlist\5-print_linkedlist\5-print_linkedlist.csproj", "{3CFE82CC-1ED9-449D-94C6-1408ED88A348}"
EndProject
Project("{9A19103F-16F7-4668-BE54-9A1E7A4F7556}") = "6-linkedlist_length", "csharp-hashset_stack_queue_linkedlist\6-linkedlist_length\6-linkedlist_length.csproj", "{66A0841F-5D6B-4C9F-985F-4080568F2AA9}"
EndProject
Project("{9A19103F-16F7-4668-BE54-9A1E7A4F7556}") = "7-linkedlist_add", "csharp-hashset_stack_queue_linkedlist\7-linkedlist_add\7-linkedlist_add.csproj", "{8A920B61-519E-4033-A44B-B79812FD7B42}"
EndProject
Project("{9A19103F-16F7-4668-BE54-9A1E7A4F7556}") = "8-linkedlist_find", "csharp-hashset_stack_queue_linkedlist\8-linkedlist_find\8-linkedlist_find.csproj", "{5503DE9B-7C0B-4816-B4AA-B1ECB4B4223E}"
EndProject
Project("{9A19103F-16F7-4668-BE54-9A1E7A4F7556}") = "9-linkedlist_pop", "csharp-hashset_stack_queue_linkedlist\9-linkedlist_pop\9-linkedlist_pop.csproj", "{1FB6D8A2-D94B-4F7A-8A10-7523A1156B42}"
EndProject
Project("{2150E333-8FDC-42A3-9474-1A3956D46DE8}") = "csharp-hello_world", "csharp-hello_world", "{B20C68E6-6251-4A14-BB21-2F9FCB263953}"
EndProject
Project("{9A19103F-16F7-4668-BE54-9A1E7A4F7556}") = "0-new_project", "csharp-hello_world\0-new_project\0-new_project.csproj", "{2D043C5A-4052-4232-90DD-2668FC22A4C0}"
EndProject
Project("{9A19103F-16F7-4668-BE54-9A1E7A4F7556}") = "10-copy_cut_paste", "csharp-hello_world\10-copy_cut_paste\10-copy_cut_paste.csproj", "{1F010164-961F-430D-86C2-63E76844B4A6}"
EndProject
Project("{9A19103F-16F7-4668-BE54-9A1E7A4F7556}") = "11-concat_edges", "csharp-hello_world\11-concat_edges\11-concat_edges.csproj", "{63D7125E-E733-4321-AF09-30952166DF7B}"
EndProject
Project("{9A19103F-16F7-4668-BE54-9A1E7A4F7556}") = "3-writeline", "csharp-hello_world\3-writeline\3-writeline.csproj", "{4B362608-FC7A-49BA-810C-06DE2FCB7AAF}"
EndProject
Project("{9A19103F-16F7-4668-BE54-9A1E7A4F7556}") = "4-print_integer", "csharp-hello_world\4-print_integer\4-print_integer.csproj", "{D4185794-E0CF-49AD-A3FB-C46CB34880D4}"
EndProject
Project("{9A19103F-16F7-4668-BE54-9A1E7A4F7556}") = "5-print_float", "csharp-hello_world\5-print_float\5-print_float.csproj", "{636C6969-EBEC-4DA4-89CC-65BAD4ABF751}"
EndProject
Project("{9A19103F-16F7-4668-BE54-9A1E7A4F7556}") = "6-print_string", "csharp-hello_world\6-print_string\6-print_string.csproj", "{0F2D9E79-8D86-4920-AFD3-CBE002EE4EB2}"
EndProject
Project("{9A19103F-16F7-4668-BE54-9A1E7A4F7556}") = "7-concat", "csharp-hello_world\7-concat\7-concat.csproj", "{D716906C-ECB4-48E7-BD74-38F28D4FA34E}"
EndProject
Project("{9A19103F-16F7-4668-BE54-9A1E7A4F7556}") = "8-print_variables", "csharp-hello_world\8-print_variables\8-print_variables.csproj", "{421DF018-5F82-40FA-9905-46C348B92268}"
EndProject
Project("{9A19103F-16F7-4668-BE54-9A1E7A4F7556}") = "9-print_specifiers", "csharp-hello_world\9-print_specifiers\9-print_specifiers.csproj", "{0F09CC5C-6441-4734-81F0-7FD303CBA43F}"
EndProject
Project("{2150E333-8FDC-42A3-9474-1A3956D46DE8}") = "csharp-structs_enums", "csharp-structs_enums", "{9A04FDAE-7303-4E40-8CD8-3C8625EC5CD9}"
EndProject
Project("{9A19103F-16F7-4668-BE54-9A1E7A4F7556}") = "0-dog", "csharp-structs_enums\0-dog\0-dog.csproj", "{05170A3D-161B-4CFD-B433-515163C47D3E}"
EndProject
Project("{9A19103F-16F7-4668-BE54-9A1E7A4F7556}") = "1-dog", "csharp-structs_enums\1-dog\1-dog.csproj", "{B5FE07CD-DFE7-4811-8A5A-E34C0D02B7BC}"
EndProject
Project("{9A19103F-16F7-4668-BE54-9A1E7A4F7556}") = "2-dog", "csharp-structs_enums\2-dog\2-dog.csproj", "{42ADEE76-E6A3-4A44-8FE4-FD290653328B}"
EndProject
Project("{9A19103F-16F7-4668-BE54-9A1E7A4F7556}") = "3-dog", "csharp-structs_enums\3-dog\3-dog.csproj", "{CB30D175-5D58-4C5E-AA69-0D740B82BEC6}"
EndProject
Global
	GlobalSection(SolutionConfigurationPlatforms) = preSolution
		Debug|Any CPU = Debug|Any CPU
		Release|Any CPU = Release|Any CPU
	EndGlobalSection
	GlobalSection(ProjectConfigurationPlatforms) = postSolution
		{BC4988E9-77F6-4A52-AA8D-4376229129B6}.Debug|Any CPU.ActiveCfg = Debug|Any CPU
		{BC4988E9-77F6-4A52-AA8D-4376229129B6}.Debug|Any CPU.Build.0 = Debug|Any CPU
		{BC4988E9-77F6-4A52-AA8D-4376229129B6}.Release|Any CPU.ActiveCfg = Release|Any CPU
		{BC4988E9-77F6-4A52-AA8D-4376229129B6}.Release|Any CPU.Build.0 = Release|Any CPU
		{32B87ABB-825E-4D5C-ADEC-F5B4506F9A18}.Debug|Any CPU.ActiveCfg = Debug|Any CPU
		{32B87ABB-825E-4D5C-ADEC-F5B4506F9A18}.Debug|Any CPU.Build.0 = Debug|Any CPU
		{32B87ABB-825E-4D5C-ADEC-F5B4506F9A18}.Release|Any CPU.ActiveCfg = Release|Any CPU
		{32B87ABB-825E-4D5C-ADEC-F5B4506F9A18}.Release|Any CPU.Build.0 = Release|Any CPU
		{E26A3F8F-7CEF-4441-BA86-F66FECFE3955}.Debug|Any CPU.ActiveCfg = Debug|Any CPU
		{E26A3F8F-7CEF-4441-BA86-F66FECFE3955}.Debug|Any CPU.Build.0 = Debug|Any CPU
		{E26A3F8F-7CEF-4441-BA86-F66FECFE3955}.Release|Any CPU.ActiveCfg = Release|Any CPU
		{E26A3F8F-7CEF-4441-BA86-F66FECFE3955}.Release|Any CPU.Build.0 = Release|Any CPU
		{60A121AD-0A16-43CD-8AFE-4148EBA4328A}.Debug|Any CPU.ActiveCfg = Debug|Any CPU
		{60A121AD-0A16-43CD-8AFE-4148EBA4328A}.Debug|Any CPU.Build.0 = Debug|Any CPU
		{60A121AD-0A16-43CD-8AFE-4148EBA4328A}.Release|Any CPU.ActiveCfg = Release|Any CPU
		{60A121AD-0A16-43CD-8AFE-4148EBA4328A}.Release|Any CPU.Build.0 = Release|Any CPU
		{3DE62EC4-50EE-4DCE-A6EA-424EC0FDD901}.Debug|Any CPU.ActiveCfg = Debug|Any CPU
		{3DE62EC4-50EE-4DCE-A6EA-424EC0FDD901}.Debug|Any CPU.Build.0 = Debug|Any CPU
		{3DE62EC4-50EE-4DCE-A6EA-424EC0FDD901}.Release|Any CPU.ActiveCfg = Release|Any CPU
		{3DE62EC4-50EE-4DCE-A6EA-424EC0FDD901}.Release|Any CPU.Build.0 = Release|Any CPU
		{F84663B3-5F11-4E97-8CE4-27710BDB69B6}.Debug|Any CPU.ActiveCfg = Debug|Any CPU
		{F84663B3-5F11-4E97-8CE4-27710BDB69B6}.Debug|Any CPU.Build.0 = Debug|Any CPU
		{F84663B3-5F11-4E97-8CE4-27710BDB69B6}.Release|Any CPU.ActiveCfg = Release|Any CPU
		{F84663B3-5F11-4E97-8CE4-27710BDB69B6}.Release|Any CPU.Build.0 = Release|Any CPU
		{0702744E-B94D-4745-B660-DD49045E8EFC}.Debug|Any CPU.ActiveCfg = Debug|Any CPU
		{0702744E-B94D-4745-B660-DD49045E8EFC}.Debug|Any CPU.Build.0 = Debug|Any CPU
		{0702744E-B94D-4745-B660-DD49045E8EFC}.Release|Any CPU.ActiveCfg = Release|Any CPU
		{0702744E-B94D-4745-B660-DD49045E8EFC}.Release|Any CPU.Build.0 = Release|Any CPU
		{9415BAA5-7C4F-49DA-AB34-0F36BF091EB0}.Debug|Any CPU.ActiveCfg = Debug|Any CPU
		{9415BAA5-7C4F-49DA-AB34-0F36BF091EB0}.Debug|Any CPU.Build.0 = Debug|Any CPU
		{9415BAA5-7C4F-49DA-AB34-0F36BF091EB0}.Release|Any CPU.ActiveCfg = Release|Any CPU
		{9415BAA5-7C4F-49DA-AB34-0F36BF091EB0}.Release|Any CPU.Build.0 = Release|Any CPU
		{8D029B3E-06C5-4A55-89A7-98BB9B558507}.Debug|Any CPU.ActiveCfg = Debug|Any CPU
		{8D029B3E-06C5-4A55-89A7-98BB9B558507}.Debug|Any CPU.Build.0 = Debug|Any CPU
		{8D029B3E-06C5-4A55-89A7-98BB9B558507}.Release|Any CPU.ActiveCfg = Release|Any CPU
		{8D029B3E-06C5-4A55-89A7-98BB9B558507}.Release|Any CPU.Build.0 = Release|Any CPU
		{0EAC8D66-50B6-4682-8203-1F962DD9A89C}.Debug|Any CPU.ActiveCfg = Debug|Any CPU
		{0EAC8D66-50B6-4682-8203-1F962DD9A89C}.Debug|Any CPU.Build.0 = Debug|Any CPU
		{0EAC8D66-50B6-4682-8203-1F962DD9A89C}.Release|Any CPU.ActiveCfg = Release|Any CPU
		{0EAC8D66-50B6-4682-8203-1F962DD9A89C}.Release|Any CPU.Build.0 = Release|Any CPU
		{DB2124D1-CFAD-404B-9507-5C7D92412480}.Debug|Any CPU.ActiveCfg = Debug|Any CPU
		{DB2124D1-CFAD-404B-9507-5C7D92412480}.Debug|Any CPU.Build.0 = Debug|Any CPU
		{DB2124D1-CFAD-404B-9507-5C7D92412480}.Release|Any CPU.ActiveCfg = Release|Any CPU
		{DB2124D1-CFAD-404B-9507-5C7D92412480}.Release|Any CPU.Build.0 = Release|Any CPU
		{3DE0F25E-9A9E-4086-83EE-0FCC75D3E727}.Debug|Any CPU.ActiveCfg = Debug|Any CPU
		{3DE0F25E-9A9E-4086-83EE-0FCC75D3E727}.Debug|Any CPU.Build.0 = Debug|Any CPU
		{3DE0F25E-9A9E-4086-83EE-0FCC75D3E727}.Release|Any CPU.ActiveCfg = Release|Any CPU
		{3DE0F25E-9A9E-4086-83EE-0FCC75D3E727}.Release|Any CPU.Build.0 = Release|Any CPU
		{0608E646-C036-404F-BB7F-4CFD62BEB186}.Debug|Any CPU.ActiveCfg = Debug|Any CPU
		{0608E646-C036-404F-BB7F-4CFD62BEB186}.Debug|Any CPU.Build.0 = Debug|Any CPU
		{0608E646-C036-404F-BB7F-4CFD62BEB186}.Release|Any CPU.ActiveCfg = Release|Any CPU
		{0608E646-C036-404F-BB7F-4CFD62BEB186}.Release|Any CPU.Build.0 = Release|Any CPU
		{81D064B6-E410-49DF-9D9E-5E3D436D3A64}.Debug|Any CPU.ActiveCfg = Debug|Any CPU
		{81D064B6-E410-49DF-9D9E-5E3D436D3A64}.Debug|Any CPU.Build.0 = Debug|Any CPU
		{81D064B6-E410-49DF-9D9E-5E3D436D3A64}.Release|Any CPU.ActiveCfg = Release|Any CPU
		{81D064B6-E410-49DF-9D9E-5E3D436D3A64}.Release|Any CPU.Build.0 = Release|Any CPU
		{41AEFBB5-DA4C-4D2D-AE81-30154AC0D15A}.Debug|Any CPU.ActiveCfg = Debug|Any CPU
		{41AEFBB5-DA4C-4D2D-AE81-30154AC0D15A}.Debug|Any CPU.Build.0 = Debug|Any CPU
		{41AEFBB5-DA4C-4D2D-AE81-30154AC0D15A}.Release|Any CPU.ActiveCfg = Release|Any CPU
		{41AEFBB5-DA4C-4D2D-AE81-30154AC0D15A}.Release|Any CPU.Build.0 = Release|Any CPU
		{2A518960-1C86-41E0-8CC5-2B6FC91090E2}.Debug|Any CPU.ActiveCfg = Debug|Any CPU
		{2A518960-1C86-41E0-8CC5-2B6FC91090E2}.Debug|Any CPU.Build.0 = Debug|Any CPU
		{2A518960-1C86-41E0-8CC5-2B6FC91090E2}.Release|Any CPU.ActiveCfg = Release|Any CPU
		{2A518960-1C86-41E0-8CC5-2B6FC91090E2}.Release|Any CPU.Build.0 = Release|Any CPU
		{CE31A92C-50F2-4293-8A39-3FA13908F8CC}.Debug|Any CPU.ActiveCfg = Debug|Any CPU
		{CE31A92C-50F2-4293-8A39-3FA13908F8CC}.Debug|Any CPU.Build.0 = Debug|Any CPU
		{CE31A92C-50F2-4293-8A39-3FA13908F8CC}.Release|Any CPU.ActiveCfg = Release|Any CPU
		{CE31A92C-50F2-4293-8A39-3FA13908F8CC}.Release|Any CPU.Build.0 = Release|Any CPU
		{4B9FEEB0-36A3-4459-9C2D-9246AFEB0EFC}.Debug|Any CPU.ActiveCfg = Debug|Any CPU
		{4B9FEEB0-36A3-4459-9C2D-9246AFEB0EFC}.Debug|Any CPU.Build.0 = Debug|Any CPU
		{4B9FEEB0-36A3-4459-9C2D-9246AFEB0EFC}.Release|Any CPU.ActiveCfg = Release|Any CPU
		{4B9FEEB0-36A3-4459-9C2D-9246AFEB0EFC}.Release|Any CPU.Build.0 = Release|Any CPU
		{8C2C269E-CE9F-42F0-8251-5CD50B62DB0F}.Debug|Any CPU.ActiveCfg = Debug|Any CPU
		{8C2C269E-CE9F-42F0-8251-5CD50B62DB0F}.Debug|Any CPU.Build.0 = Debug|Any CPU
		{8C2C269E-CE9F-42F0-8251-5CD50B62DB0F}.Release|Any CPU.ActiveCfg = Release|Any CPU
		{8C2C269E-CE9F-42F0-8251-5CD50B62DB0F}.Release|Any CPU.Build.0 = Release|Any CPU
		{34DCD0BE-04B0-40DD-86C8-D624F7C8372A}.Debug|Any CPU.ActiveCfg = Debug|Any CPU
		{34DCD0BE-04B0-40DD-86C8-D624F7C8372A}.Debug|Any CPU.Build.0 = Debug|Any CPU
		{34DCD0BE-04B0-40DD-86C8-D624F7C8372A}.Release|Any CPU.ActiveCfg = Release|Any CPU
		{34DCD0BE-04B0-40DD-86C8-D624F7C8372A}.Release|Any CPU.Build.0 = Release|Any CPU
		{EA82EE06-6A08-40B8-9DCF-A312D79E7A9F}.Debug|Any CPU.ActiveCfg = Debug|Any CPU
		{EA82EE06-6A08-40B8-9DCF-A312D79E7A9F}.Debug|Any CPU.Build.0 = Debug|Any CPU
		{EA82EE06-6A08-40B8-9DCF-A312D79E7A9F}.Release|Any CPU.ActiveCfg = Release|Any CPU
		{EA82EE06-6A08-40B8-9DCF-A312D79E7A9F}.Release|Any CPU.Build.0 = Release|Any CPU
		{973A8EAF-740F-47CC-BB68-B00C9EFED8B4}.Debug|Any CPU.ActiveCfg = Debug|Any CPU
		{973A8EAF-740F-47CC-BB68-B00C9EFED8B4}.Debug|Any CPU.Build.0 = Debug|Any CPU
		{973A8EAF-740F-47CC-BB68-B00C9EFED8B4}.Release|Any CPU.ActiveCfg = Release|Any CPU
		{973A8EAF-740F-47CC-BB68-B00C9EFED8B4}.Release|Any CPU.Build.0 = Release|Any CPU
		{0FD53E72-9822-4797-B187-F8702043BC35}.Debug|Any CPU.ActiveCfg = Debug|Any CPU
		{0FD53E72-9822-4797-B187-F8702043BC35}.Debug|Any CPU.Build.0 = Debug|Any CPU
		{0FD53E72-9822-4797-B187-F8702043BC35}.Release|Any CPU.ActiveCfg = Release|Any CPU
		{0FD53E72-9822-4797-B187-F8702043BC35}.Release|Any CPU.Build.0 = Release|Any CPU
		{722A451C-3DFF-4451-A30F-5E721F3357C8}.Debug|Any CPU.ActiveCfg = Debug|Any CPU
		{722A451C-3DFF-4451-A30F-5E721F3357C8}.Debug|Any CPU.Build.0 = Debug|Any CPU
		{722A451C-3DFF-4451-A30F-5E721F3357C8}.Release|Any CPU.ActiveCfg = Release|Any CPU
		{722A451C-3DFF-4451-A30F-5E721F3357C8}.Release|Any CPU.Build.0 = Release|Any CPU
		{9A510315-798D-47D2-82CD-AB31BC0BE99C}.Debug|Any CPU.ActiveCfg = Debug|Any CPU
		{9A510315-798D-47D2-82CD-AB31BC0BE99C}.Debug|Any CPU.Build.0 = Debug|Any CPU
		{9A510315-798D-47D2-82CD-AB31BC0BE99C}.Release|Any CPU.ActiveCfg = Release|Any CPU
		{9A510315-798D-47D2-82CD-AB31BC0BE99C}.Release|Any CPU.Build.0 = Release|Any CPU
		{63CECB72-4FB2-47DC-B95B-2328EA60A1CC}.Debug|Any CPU.ActiveCfg = Debug|Any CPU
		{63CECB72-4FB2-47DC-B95B-2328EA60A1CC}.Debug|Any CPU.Build.0 = Debug|Any CPU
		{63CECB72-4FB2-47DC-B95B-2328EA60A1CC}.Release|Any CPU.ActiveCfg = Release|Any CPU
		{63CECB72-4FB2-47DC-B95B-2328EA60A1CC}.Release|Any CPU.Build.0 = Release|Any CPU
		{B94C20C2-3D5F-442E-A118-E644F759C08B}.Debug|Any CPU.ActiveCfg = Debug|Any CPU
		{B94C20C2-3D5F-442E-A118-E644F759C08B}.Debug|Any CPU.Build.0 = Debug|Any CPU
		{B94C20C2-3D5F-442E-A118-E644F759C08B}.Release|Any CPU.ActiveCfg = Release|Any CPU
		{B94C20C2-3D5F-442E-A118-E644F759C08B}.Release|Any CPU.Build.0 = Release|Any CPU
		{22D8D1BC-8250-4CFA-910A-42993461672B}.Debug|Any CPU.ActiveCfg = Debug|Any CPU
		{22D8D1BC-8250-4CFA-910A-42993461672B}.Debug|Any CPU.Build.0 = Debug|Any CPU
		{22D8D1BC-8250-4CFA-910A-42993461672B}.Release|Any CPU.ActiveCfg = Release|Any CPU
		{22D8D1BC-8250-4CFA-910A-42993461672B}.Release|Any CPU.Build.0 = Release|Any CPU
		{C928E107-21F4-4237-9407-1E01C9765B9B}.Debug|Any CPU.ActiveCfg = Debug|Any CPU
		{C928E107-21F4-4237-9407-1E01C9765B9B}.Debug|Any CPU.Build.0 = Debug|Any CPU
		{C928E107-21F4-4237-9407-1E01C9765B9B}.Release|Any CPU.ActiveCfg = Release|Any CPU
		{C928E107-21F4-4237-9407-1E01C9765B9B}.Release|Any CPU.Build.0 = Release|Any CPU
		{51B7F247-8EC8-456C-B9E4-AC82932F2C53}.Debug|Any CPU.ActiveCfg = Debug|Any CPU
		{51B7F247-8EC8-456C-B9E4-AC82932F2C53}.Debug|Any CPU.Build.0 = Debug|Any CPU
		{51B7F247-8EC8-456C-B9E4-AC82932F2C53}.Release|Any CPU.ActiveCfg = Release|Any CPU
		{51B7F247-8EC8-456C-B9E4-AC82932F2C53}.Release|Any CPU.Build.0 = Release|Any CPU
		{1BDD0E16-487A-4808-9361-66E0224C3157}.Debug|Any CPU.ActiveCfg = Debug|Any CPU
		{1BDD0E16-487A-4808-9361-66E0224C3157}.Debug|Any CPU.Build.0 = Debug|Any CPU
		{1BDD0E16-487A-4808-9361-66E0224C3157}.Release|Any CPU.ActiveCfg = Release|Any CPU
		{1BDD0E16-487A-4808-9361-66E0224C3157}.Release|Any CPU.Build.0 = Release|Any CPU
		{78218975-300E-4CB6-99BF-0D076F59D127}.Debug|Any CPU.ActiveCfg = Debug|Any CPU
		{78218975-300E-4CB6-99BF-0D076F59D127}.Debug|Any CPU.Build.0 = Debug|Any CPU
		{78218975-300E-4CB6-99BF-0D076F59D127}.Release|Any CPU.ActiveCfg = Release|Any CPU
		{78218975-300E-4CB6-99BF-0D076F59D127}.Release|Any CPU.Build.0 = Release|Any CPU
		{646B4111-F742-44C0-927C-AC2843240E31}.Debug|Any CPU.ActiveCfg = Debug|Any CPU
		{646B4111-F742-44C0-927C-AC2843240E31}.Debug|Any CPU.Build.0 = Debug|Any CPU
		{646B4111-F742-44C0-927C-AC2843240E31}.Release|Any CPU.ActiveCfg = Release|Any CPU
		{646B4111-F742-44C0-927C-AC2843240E31}.Release|Any CPU.Build.0 = Release|Any CPU
		{E846F5B3-6099-4D24-A270-A0EB37593352}.Debug|Any CPU.ActiveCfg = Debug|Any CPU
		{E846F5B3-6099-4D24-A270-A0EB37593352}.Debug|Any CPU.Build.0 = Debug|Any CPU
		{E846F5B3-6099-4D24-A270-A0EB37593352}.Release|Any CPU.ActiveCfg = Release|Any CPU
		{E846F5B3-6099-4D24-A270-A0EB37593352}.Release|Any CPU.Build.0 = Release|Any CPU
		{AADD25E3-ECE0-4F3B-8412-6BEFE722C3B5}.Debug|Any CPU.ActiveCfg = Debug|Any CPU
		{AADD25E3-ECE0-4F3B-8412-6BEFE722C3B5}.Debug|Any CPU.Build.0 = Debug|Any CPU
		{AADD25E3-ECE0-4F3B-8412-6BEFE722C3B5}.Release|Any CPU.ActiveCfg = Release|Any CPU
		{AADD25E3-ECE0-4F3B-8412-6BEFE722C3B5}.Release|Any CPU.Build.0 = Release|Any CPU
		{D7D6A8CA-507E-456B-A645-47994C69BF79}.Debug|Any CPU.ActiveCfg = Debug|Any CPU
		{D7D6A8CA-507E-456B-A645-47994C69BF79}.Debug|Any CPU.Build.0 = Debug|Any CPU
		{D7D6A8CA-507E-456B-A645-47994C69BF79}.Release|Any CPU.ActiveCfg = Release|Any CPU
		{D7D6A8CA-507E-456B-A645-47994C69BF79}.Release|Any CPU.Build.0 = Release|Any CPU
		{3CFE82CC-1ED9-449D-94C6-1408ED88A348}.Debug|Any CPU.ActiveCfg = Debug|Any CPU
		{3CFE82CC-1ED9-449D-94C6-1408ED88A348}.Debug|Any CPU.Build.0 = Debug|Any CPU
		{3CFE82CC-1ED9-449D-94C6-1408ED88A348}.Release|Any CPU.ActiveCfg = Release|Any CPU
		{3CFE82CC-1ED9-449D-94C6-1408ED88A348}.Release|Any CPU.Build.0 = Release|Any CPU
		{66A0841F-5D6B-4C9F-985F-4080568F2AA9}.Debug|Any CPU.ActiveCfg = Debug|Any CPU
		{66A0841F-5D6B-4C9F-985F-4080568F2AA9}.Debug|Any CPU.Build.0 = Debug|Any CPU
		{66A0841F-5D6B-4C9F-985F-4080568F2AA9}.Release|Any CPU.ActiveCfg = Release|Any CPU
		{66A0841F-5D6B-4C9F-985F-4080568F2AA9}.Release|Any CPU.Build.0 = Release|Any CPU
		{8A920B61-519E-4033-A44B-B79812FD7B42}.Debug|Any CPU.ActiveCfg = Debug|Any CPU
		{8A920B61-519E-4033-A44B-B79812FD7B42}.Debug|Any CPU.Build.0 = Debug|Any CPU
		{8A920B61-519E-4033-A44B-B79812FD7B42}.Release|Any CPU.ActiveCfg = Release|Any CPU
		{8A920B61-519E-4033-A44B-B79812FD7B42}.Release|Any CPU.Build.0 = Release|Any CPU
		{5503DE9B-7C0B-4816-B4AA-B1ECB4B4223E}.Debug|Any CPU.ActiveCfg = Debug|Any CPU
		{5503DE9B-7C0B-4816-B4AA-B1ECB4B4223E}.Debug|Any CPU.Build.0 = Debug|Any CPU
		{5503DE9B-7C0B-4816-B4AA-B1ECB4B4223E}.Release|Any CPU.ActiveCfg = Release|Any CPU
		{5503DE9B-7C0B-4816-B4AA-B1ECB4B4223E}.Release|Any CPU.Build.0 = Release|Any CPU
		{1FB6D8A2-D94B-4F7A-8A10-7523A1156B42}.Debug|Any CPU.ActiveCfg = Debug|Any CPU
		{1FB6D8A2-D94B-4F7A-8A10-7523A1156B42}.Debug|Any CPU.Build.0 = Debug|Any CPU
		{1FB6D8A2-D94B-4F7A-8A10-7523A1156B42}.Release|Any CPU.ActiveCfg = Release|Any CPU
		{1FB6D8A2-D94B-4F7A-8A10-7523A1156B42}.Release|Any CPU.Build.0 = Release|Any CPU
		{2D043C5A-4052-4232-90DD-2668FC22A4C0}.Debug|Any CPU.ActiveCfg = Debug|Any CPU
		{2D043C5A-4052-4232-90DD-2668FC22A4C0}.Debug|Any CPU.Build.0 = Debug|Any CPU
		{2D043C5A-4052-4232-90DD-2668FC22A4C0}.Release|Any CPU.ActiveCfg = Release|Any CPU
		{2D043C5A-4052-4232-90DD-2668FC22A4C0}.Release|Any CPU.Build.0 = Release|Any CPU
		{1F010164-961F-430D-86C2-63E76844B4A6}.Debug|Any CPU.ActiveCfg = Debug|Any CPU
		{1F010164-961F-430D-86C2-63E76844B4A6}.Debug|Any CPU.Build.0 = Debug|Any CPU
		{1F010164-961F-430D-86C2-63E76844B4A6}.Release|Any CPU.ActiveCfg = Release|Any CPU
		{1F010164-961F-430D-86C2-63E76844B4A6}.Release|Any CPU.Build.0 = Release|Any CPU
		{63D7125E-E733-4321-AF09-30952166DF7B}.Debug|Any CPU.ActiveCfg = Debug|Any CPU
		{63D7125E-E733-4321-AF09-30952166DF7B}.Debug|Any CPU.Build.0 = Debug|Any CPU
		{63D7125E-E733-4321-AF09-30952166DF7B}.Release|Any CPU.ActiveCfg = Release|Any CPU
		{63D7125E-E733-4321-AF09-30952166DF7B}.Release|Any CPU.Build.0 = Release|Any CPU
		{4B362608-FC7A-49BA-810C-06DE2FCB7AAF}.Debug|Any CPU.ActiveCfg = Debug|Any CPU
		{4B362608-FC7A-49BA-810C-06DE2FCB7AAF}.Debug|Any CPU.Build.0 = Debug|Any CPU
		{4B362608-FC7A-49BA-810C-06DE2FCB7AAF}.Release|Any CPU.ActiveCfg = Release|Any CPU
		{4B362608-FC7A-49BA-810C-06DE2FCB7AAF}.Release|Any CPU.Build.0 = Release|Any CPU
		{D4185794-E0CF-49AD-A3FB-C46CB34880D4}.Debug|Any CPU.ActiveCfg = Debug|Any CPU
		{D4185794-E0CF-49AD-A3FB-C46CB34880D4}.Debug|Any CPU.Build.0 = Debug|Any CPU
		{D4185794-E0CF-49AD-A3FB-C46CB34880D4}.Release|Any CPU.ActiveCfg = Release|Any CPU
		{D4185794-E0CF-49AD-A3FB-C46CB34880D4}.Release|Any CPU.Build.0 = Release|Any CPU
		{636C6969-EBEC-4DA4-89CC-65BAD4ABF751}.Debug|Any CPU.ActiveCfg = Debug|Any CPU
		{636C6969-EBEC-4DA4-89CC-65BAD4ABF751}.Debug|Any CPU.Build.0 = Debug|Any CPU
		{636C6969-EBEC-4DA4-89CC-65BAD4ABF751}.Release|Any CPU.ActiveCfg = Release|Any CPU
		{636C6969-EBEC-4DA4-89CC-65BAD4ABF751}.Release|Any CPU.Build.0 = Release|Any CPU
		{0F2D9E79-8D86-4920-AFD3-CBE002EE4EB2}.Debug|Any CPU.ActiveCfg = Debug|Any CPU
		{0F2D9E79-8D86-4920-AFD3-CBE002EE4EB2}.Debug|Any CPU.Build.0 = Debug|Any CPU
		{0F2D9E79-8D86-4920-AFD3-CBE002EE4EB2}.Release|Any CPU.ActiveCfg = Release|Any CPU
		{0F2D9E79-8D86-4920-AFD3-CBE002EE4EB2}.Release|Any CPU.Build.0 = Release|Any CPU
		{D716906C-ECB4-48E7-BD74-38F28D4FA34E}.Debug|Any CPU.ActiveCfg = Debug|Any CPU
		{D716906C-ECB4-48E7-BD74-38F28D4FA34E}.Debug|Any CPU.Build.0 = Debug|Any CPU
		{D716906C-ECB4-48E7-BD74-38F28D4FA34E}.Release|Any CPU.ActiveCfg = Release|Any CPU
		{D716906C-ECB4-48E7-BD74-38F28D4FA34E}.Release|Any CPU.Build.0 = Release|Any CPU
		{421DF018-5F82-40FA-9905-46C348B92268}.Debug|Any CPU.ActiveCfg = Debug|Any CPU
		{421DF018-5F82-40FA-9905-46C348B92268}.Debug|Any CPU.Build.0 = Debug|Any CPU
		{421DF018-5F82-40FA-9905-46C348B92268}.Release|Any CPU.ActiveCfg = Release|Any CPU
		{421DF018-5F82-40FA-9905-46C348B92268}.Release|Any CPU.Build.0 = Release|Any CPU
		{0F09CC5C-6441-4734-81F0-7FD303CBA43F}.Debug|Any CPU.ActiveCfg = Debug|Any CPU
		{0F09CC5C-6441-4734-81F0-7FD303CBA43F}.Debug|Any CPU.Build.0 = Debug|Any CPU
		{0F09CC5C-6441-4734-81F0-7FD303CBA43F}.Release|Any CPU.ActiveCfg = Release|Any CPU
		{0F09CC5C-6441-4734-81F0-7FD303CBA43F}.Release|Any CPU.Build.0 = Release|Any CPU
		{05170A3D-161B-4CFD-B433-515163C47D3E}.Debug|Any CPU.ActiveCfg = Debug|Any CPU
		{05170A3D-161B-4CFD-B433-515163C47D3E}.Debug|Any CPU.Build.0 = Debug|Any CPU
		{05170A3D-161B-4CFD-B433-515163C47D3E}.Release|Any CPU.ActiveCfg = Release|Any CPU
		{05170A3D-161B-4CFD-B433-515163C47D3E}.Release|Any CPU.Build.0 = Release|Any CPU
		{B5FE07CD-DFE7-4811-8A5A-E34C0D02B7BC}.Debug|Any CPU.ActiveCfg = Debug|Any CPU
		{B5FE07CD-DFE7-4811-8A5A-E34C0D02B7BC}.Debug|Any CPU.Build.0 = Debug|Any CPU
		{B5FE07CD-DFE7-4811-8A5A-E34C0D02B7BC}.Release|Any CPU.ActiveCfg = Release|Any CPU
		{B5FE07CD-DFE7-4811-8A5A-E34C0D02B7BC}.Release|Any CPU.Build.0 = Release|Any CPU
		{42ADEE76-E6A3-4A44-8FE4-FD290653328B}.Debug|Any CPU.ActiveCfg = Debug|Any CPU
		{42ADEE76-E6A3-4A44-8FE4-FD290653328B}.Debug|Any CPU.Build.0 = Debug|Any CPU
		{42ADEE76-E6A3-4A44-8FE4-FD290653328B}.Release|Any CPU.ActiveCfg = Release|Any CPU
		{42ADEE76-E6A3-4A44-8FE4-FD290653328B}.Release|Any CPU.Build.0 = Release|Any CPU
		{CB30D175-5D58-4C5E-AA69-0D740B82BEC6}.Debug|Any CPU.ActiveCfg = Debug|Any CPU
		{CB30D175-5D58-4C5E-AA69-0D740B82BEC6}.Debug|Any CPU.Build.0 = Debug|Any CPU
		{CB30D175-5D58-4C5E-AA69-0D740B82BEC6}.Release|Any CPU.ActiveCfg = Release|Any CPU
		{CB30D175-5D58-4C5E-AA69-0D740B82BEC6}.Release|Any CPU.Build.0 = Release|Any CPU
	EndGlobalSection
	GlobalSection(SolutionProperties) = preSolution
		HideSolutionNode = FALSE
	EndGlobalSection
	GlobalSection(NestedProjects) = preSolution
		{BC4988E9-77F6-4A52-AA8D-4376229129B6} = {DE362428-C8AD-4BF4-81FD-D8B9844B509B}
		{32B87ABB-825E-4D5C-ADEC-F5B4506F9A18} = {DE362428-C8AD-4BF4-81FD-D8B9844B509B}
		{E26A3F8F-7CEF-4441-BA86-F66FECFE3955} = {DE362428-C8AD-4BF4-81FD-D8B9844B509B}
		{60A121AD-0A16-43CD-8AFE-4148EBA4328A} = {DE362428-C8AD-4BF4-81FD-D8B9844B509B}
		{3DE62EC4-50EE-4DCE-A6EA-424EC0FDD901} = {DE362428-C8AD-4BF4-81FD-D8B9844B509B}
		{F84663B3-5F11-4E97-8CE4-27710BDB69B6} = {DE362428-C8AD-4BF4-81FD-D8B9844B509B}
		{0702744E-B94D-4745-B660-DD49045E8EFC} = {DE362428-C8AD-4BF4-81FD-D8B9844B509B}
		{9415BAA5-7C4F-49DA-AB34-0F36BF091EB0} = {DE362428-C8AD-4BF4-81FD-D8B9844B509B}
		{8D029B3E-06C5-4A55-89A7-98BB9B558507} = {DE362428-C8AD-4BF4-81FD-D8B9844B509B}
		{0EAC8D66-50B6-4682-8203-1F962DD9A89C} = {DE362428-C8AD-4BF4-81FD-D8B9844B509B}
		{DB2124D1-CFAD-404B-9507-5C7D92412480} = {DE362428-C8AD-4BF4-81FD-D8B9844B509B}
		{3DE0F25E-9A9E-4086-83EE-0FCC75D3E727} = {DE362428-C8AD-4BF4-81FD-D8B9844B509B}
		{0608E646-C036-404F-BB7F-4CFD62BEB186} = {DE362428-C8AD-4BF4-81FD-D8B9844B509B}
		{81D064B6-E410-49DF-9D9E-5E3D436D3A64} = {DE362428-C8AD-4BF4-81FD-D8B9844B509B}
		{41AEFBB5-DA4C-4D2D-AE81-30154AC0D15A} = {DE362428-C8AD-4BF4-81FD-D8B9844B509B}
		{2A518960-1C86-41E0-8CC5-2B6FC91090E2} = {DE362428-C8AD-4BF4-81FD-D8B9844B509B}
		{CE31A92C-50F2-4293-8A39-3FA13908F8CC} = {54D54866-1B93-46BB-9A06-86A04FCD331F}
		{4B9FEEB0-36A3-4459-9C2D-9246AFEB0EFC} = {54D54866-1B93-46BB-9A06-86A04FCD331F}
		{8C2C269E-CE9F-42F0-8251-5CD50B62DB0F} = {54D54866-1B93-46BB-9A06-86A04FCD331F}
		{34DCD0BE-04B0-40DD-86C8-D624F7C8372A} = {54D54866-1B93-46BB-9A06-86A04FCD331F}
		{EA82EE06-6A08-40B8-9DCF-A312D79E7A9F} = {54D54866-1B93-46BB-9A06-86A04FCD331F}
		{973A8EAF-740F-47CC-BB68-B00C9EFED8B4} = {54D54866-1B93-46BB-9A06-86A04FCD331F}
		{0FD53E72-9822-4797-B187-F8702043BC35} = {E902A473-C1ED-455E-AD80-523959D3AA5D}
		{722A451C-3DFF-4451-A30F-5E721F3357C8} = {E902A473-C1ED-455E-AD80-523959D3AA5D}
		{9A510315-798D-47D2-82CD-AB31BC0BE99C} = {E902A473-C1ED-455E-AD80-523959D3AA5D}
		{63CECB72-4FB2-47DC-B95B-2328EA60A1CC} = {E902A473-C1ED-455E-AD80-523959D3AA5D}
		{B94C20C2-3D5F-442E-A118-E644F759C08B} = {E902A473-C1ED-455E-AD80-523959D3AA5D}
		{22D8D1BC-8250-4CFA-910A-42993461672B} = {BC7CBCB4-CB11-4694-91D1-F5F44B8C9D65}
		{C928E107-21F4-4237-9407-1E01C9765B9B} = {BC7CBCB4-CB11-4694-91D1-F5F44B8C9D65}
		{51B7F247-8EC8-456C-B9E4-AC82932F2C53} = {BC7CBCB4-CB11-4694-91D1-F5F44B8C9D65}
		{1BDD0E16-487A-4808-9361-66E0224C3157} = {BC7CBCB4-CB11-4694-91D1-F5F44B8C9D65}
		{78218975-300E-4CB6-99BF-0D076F59D127} = {BC7CBCB4-CB11-4694-91D1-F5F44B8C9D65}
		{646B4111-F742-44C0-927C-AC2843240E31} = {BC7CBCB4-CB11-4694-91D1-F5F44B8C9D65}
		{E846F5B3-6099-4D24-A270-A0EB37593352} = {BC7CBCB4-CB11-4694-91D1-F5F44B8C9D65}
		{AADD25E3-ECE0-4F3B-8412-6BEFE722C3B5} = {BC7CBCB4-CB11-4694-91D1-F5F44B8C9D65}
		{D7D6A8CA-507E-456B-A645-47994C69BF79} = {BC7CBCB4-CB11-4694-91D1-F5F44B8C9D65}
		{3CFE82CC-1ED9-449D-94C6-1408ED88A348} = {BC7CBCB4-CB11-4694-91D1-F5F44B8C9D65}
		{66A0841F-5D6B-4C9F-985F-4080568F2AA9} = {BC7CBCB4-CB11-4694-91D1-F5F44B8C9D65}
		{8A920B61-519E-4033-A44B-B79812FD7B42} = {BC7CBCB4-CB11-4694-91D1-F5F44B8C9D65}
		{5503DE9B-7C0B-4816-B4AA-B1ECB4B4223E} = {BC7CBCB4-CB11-4694-91D1-F5F44B8C9D65}
		{1FB6D8A2-D94B-4F7A-8A10-7523A1156B42} = {BC7CBCB4-CB11-4694-91D1-F5F44B8C9D65}
		{2D043C5A-4052-4232-90DD-2668FC22A4C0} = {B20C68E6-6251-4A14-BB21-2F9FCB263953}
		{1F010164-961F-430D-86C2-63E76844B4A6} = {B20C68E6-6251-4A14-BB21-2F9FCB263953}
		{63D7125E-E733-4321-AF09-30952166DF7B} = {B20C68E6-6251-4A14-BB21-2F9FCB263953}
		{4B362608-FC7A-49BA-810C-06DE2FCB7AAF} = {B20C68E6-6251-4A14-BB21-2F9FCB263953}
		{D4185794-E0CF-49AD-A3FB-C46CB34880D4} = {B20C68E6-6251-4A14-BB21-2F9FCB263953}
		{636C6969-EBEC-4DA4-89CC-65BAD4ABF751} = {B20C68E6-6251-4A14-BB21-2F9FCB263953}
		{0F2D9E79-8D86-4920-AFD3-CBE002EE4EB2} = {B20C68E6-6251-4A14-BB21-2F9FCB263953}
		{D716906C-ECB4-48E7-BD74-38F28D4FA34E} = {B20C68E6-6251-4A14-BB21-2F9FCB263953}
		{421DF018-5F82-40FA-9905-46C348B92268} = {B20C68E6-6251-4A14-BB21-2F9FCB263953}
		{0F09CC5C-6441-4734-81F0-7FD303CBA43F} = {B20C68E6-6251-4A14-BB21-2F9FCB263953}
		{05170A3D-161B-4CFD-B433-515163C47D3E} = {9A04FDAE-7303-4E40-8CD8-3C8625EC5CD9}
		{B5FE07CD-DFE7-4811-8A5A-E34C0D02B7BC} = {9A04FDAE-7303-4E40-8CD8-3C8625EC5CD9}
		{42ADEE76-E6A3-4A44-8FE4-FD290653328B} = {9A04FDAE-7303-4E40-8CD8-3C8625EC5CD9}
		{CB30D175-5D58-4C5E-AA69-0D740B82BEC6} = {9A04FDAE-7303-4E40-8CD8-3C8625EC5CD9}
	EndGlobalSection
	GlobalSection(ExtensibilityGlobals) = postSolution
		SolutionGuid = {CB04E63B-337B-4C32-8FFF-72507A2D2838}
	EndGlobalSection
EndGlobal
